<Solution>
  <Folder Name="/src/">
    <Project Path="src/VeyonCampus.Core/VeyonCampus.Core.csproj" />
    <Project Path="src/VeyonCampus.App/VeyonCampus.App.csproj" />
  </Folder>
  <Folder Name="/tests/">
    <Project Path="tests/VeyonCampus.Checks/VeyonCampus.Checks.csproj" />
  </Folder>
</Solution>
